{
  "name": "vite-riot-template",
  "version": "1.0.1",
  "lockfileVersion": 1,
  "requires": true,
  "dependencies": {
    "@babel/parser": {
      "version": "7.19.1",
      "resolved": "https://registry.npmjs.org/@babel/parser/-/parser-7.19.1.tgz",
      "integrity": "sha512-h7RCSorm1DdTVGJf3P2Mhj3kdnkmF/EiysUkzS2TdgAYqyjFdMQJbVuXOBej2SBJaXan/lIVtT6KkGbyyq753A=="
    },
    "@esbuild/android-arm": {
      "version": "0.15.9",
      "resolved": "https://registry.npmjs.org/@esbuild/android-arm/-/android-arm-0.15.9.tgz",
      "integrity": "sha512-VZPy/ETF3fBG5PiinIkA0W/tlsvlEgJccyN2DzWZEl0DlVKRbu91PvY2D6Lxgluj4w9QtYHjOWjAT44C+oQ+EQ==",
      "dev": true,
      "optional": true
    },
    "@esbuild/linux-loong64": {
      "version": "0.15.9",
      "resolved": "https://registry.npmjs.org/@esbuild/linux-loong64/-/linux-loong64-0.15.9.tgz",
      "integrity": "sha512-O+NfmkfRrb3uSsTa4jE3WApidSe3N5++fyOVGP1SmMZi4A3BZELkhUUvj5hwmMuNdlpzAZ8iAPz2vmcR7DCFQA==",
      "dev": true,
      "optional": true
    },
    "@riotjs/compiler": {
      "version": "6.3.2",
      "resolved": "https://registry.npmjs.org/@riotjs/compiler/-/compiler-6.3.2.tgz",
      "integrity": "sha512-pGlLt08lhYeK+KMD3sPKsXInjQQWx9qMb7A/DPqbfMUvplsoTHnF2QfBWSmENqCaKGPGC4pTM1YCnaghQ5W6PA==",
      "requires": {
        "@babel/parser": "^7.18.10",
        "@riotjs/parser": "^4.3.1",
        "@riotjs/util": "2.1.1",
        "cssesc": "^3.0.0",
        "cumpa": "^1.0.1",
        "curri": "^1.0.1",
        "dom-nodes": "^1.1.3",
        "globals": "^13.17.0",
        "recast": "^0.20.5",
        "source-map": "^0.7.4"
      },
      "dependencies": {
        "@riotjs/util": {
          "version": "2.1.1",
          "resolved": "https://registry.npmjs.org/@riotjs/util/-/util-2.1.1.tgz",
          "integrity": "sha512-uE3yhckx6QhFESlA/jO/Nj8HcOeRiCV3Zw1OrdKiRAMh4o/JBhGuAkoknPWCDTHSFIffHuWV8EorbO1wZLBpvw=="
        }
      }
    },
    "@riotjs/dom-bindings": {
      "version": "6.0.7",
      "resolved": "https://registry.npmjs.org/@riotjs/dom-bindings/-/dom-bindings-6.0.7.tgz",
      "integrity": "sha512-BcXFOf3QslM6CAXYQwY04iP7Kzy3WSEOo0oDZQzPC26GYa7pYAPzc2TytlmZQQIG2vuUHkHJPxfVWwOk2rmKjA==",
      "requires": {
        "@riotjs/util": "^2.1.2"
      }
    },
    "@riotjs/parser": {
      "version": "4.3.1",
      "resolved": "https://registry.npmjs.org/@riotjs/parser/-/parser-4.3.1.tgz",
      "integrity": "sha512-ZUeAcey3ShAtquHBwuHFLrtPL1j0iEeXoOQoaZMaqVp15vq5UqOBxBcOVNfCXbr9ZbhnVCEEmek/9YFt5Ni8bA==",
      "requires": {
        "curri": "^1.0.1",
        "dom-nodes": "^1.1.3"
      }
    },
    "@riotjs/util": {
      "version": "2.1.3",
      "resolved": "https://registry.npmjs.org/@riotjs/util/-/util-2.1.3.tgz",
      "integrity": "sha512-ZQYhNCIurpPcJ6yv4Hr42PIhCGwDvtPeHeSHeICnMRvwogr5Zknd2f6X29OyXv7eeZTki2TzhYNeIkhwSfxL0w=="
    },
    "ast-types": {
      "version": "0.14.2",
      "resolved": "https://registry.npmjs.org/ast-types/-/ast-types-0.14.2.tgz",
      "integrity": "sha512-O0yuUDnZeQDL+ncNGlJ78BiO4jnYI3bvMsD5prT0/nsgijG/LpNBIr63gTjVTNsiGkgQhiyCShTgxt8oXOrklA==",
      "requires": {
        "tslib": "^2.0.1"
      }
    },
    "bianco.attr": {
      "version": "1.1.1",
      "resolved": "https://registry.npmjs.org/bianco.attr/-/bianco.attr-1.1.1.tgz",
      "integrity": "sha512-fTjfPnnGYiCVbe5UltC/LsDRtJE+MjmadtL749CMIfCwjl18sdbCkaQ7cgtSao6iC9ZJC8Pzw0rjMdIuA6mK1g==",
      "requires": {
        "bianco.dom-to-array": "^1.1.0"
      }
    },
    "bianco.dom-to-array": {
      "version": "1.1.0",
      "resolved": "https://registry.npmjs.org/bianco.dom-to-array/-/bianco.dom-to-array-1.1.0.tgz",
      "integrity": "sha512-IWUgplQRhJSZh+7PgD/my5+X27PXNUFdcHPosOYz39a/iFF8Wl9d0N/mOArdR7Zgr3J0Q9pKVk7nO6W+7XZwBg=="
    },
    "bianco.query": {
      "version": "1.1.4",
      "resolved": "https://registry.npmjs.org/bianco.query/-/bianco.query-1.1.4.tgz",
      "integrity": "sha512-jUu8l484ckacCBmxN0gYLZ4Ge5aMfReL+aYNiC81s37s8+l0+rn9pnQayEgQtMHGlnL8ejd+x5U2PKpo0rvQzw==",
      "requires": {
        "bianco.dom-to-array": "^1.1.0"
      }
    },
    "cssesc": {
      "version": "3.0.0",
      "resolved": "https://registry.npmjs.org/cssesc/-/cssesc-3.0.0.tgz",
      "integrity": "sha512-/Tb/JcjK111nNScGob5MNtsntNM1aCNUDipB/TkwZFhyDrrE47SOx/18wF2bbjgc3ZzCSKW1T5nt5EbFoAz/Vg=="
    },
    "cumpa": {
      "version": "1.0.1",
      "resolved": "https://registry.npmjs.org/cumpa/-/cumpa-1.0.1.tgz",
      "integrity": "sha512-Ew3sfG4cqvDFINS1VgdvLX1FIruhySlnP6DRLhB+1EjewiOzhJzKRKPEp/TCuo0RDisSFeuaDrk0S4Q8grF9CA=="
    },
    "curri": {
      "version": "1.0.1",
      "resolved": "https://registry.npmjs.org/curri/-/curri-1.0.1.tgz",
      "integrity": "sha512-VwFb2MGqN0A1RPA0vSgDRSWc0c+V6N9yz8pVYJ9AXILAukRAyCZP5Sqp4VdOxgw1lT0t5oaplwIDT/ruF3Nz7Q=="
    },
    "dom-nodes": {
      "version": "1.1.3",
      "resolved": "https://registry.npmjs.org/dom-nodes/-/dom-nodes-1.1.3.tgz",
      "integrity": "sha512-y5wnIx97oe0IqMllL/lizgkK2c9vu1cQeqPCCsS7mwNdPuYxg3b04eDJynHhC63kM8+ZsteOmiPElfVGOUmmKg=="
    },
    "esbuild": {
      "version": "0.15.9",
      "resolved": "https://registry.npmjs.org/esbuild/-/esbuild-0.15.9.tgz",
      "integrity": "sha512-OnYr1rkMVxtmMHIAKZLMcEUlJmqcbxBz9QoBU8G9v455na0fuzlT/GLu6l+SRghrk0Mm2fSSciMmzV43Q8e0Gg==",
      "dev": true,
      "requires": {
        "@esbuild/android-arm": "0.15.9",
        "@esbuild/linux-loong64": "0.15.9",
        "esbuild-android-64": "0.15.9",
        "esbuild-android-arm64": "0.15.9",
        "esbuild-darwin-64": "0.15.9",
        "esbuild-darwin-arm64": "0.15.9",
        "esbuild-freebsd-64": "0.15.9",
        "esbuild-freebsd-arm64": "0.15.9",
        "esbuild-linux-32": "0.15.9",
        "esbuild-linux-64": "0.15.9",
        "esbuild-linux-arm": "0.15.9",
        "esbuild-linux-arm64": "0.15.9",
        "esbuild-linux-mips64le": "0.15.9",
        "esbuild-linux-ppc64le": "0.15.9",
        "esbuild-linux-riscv64": "0.15.9",
        "esbuild-linux-s390x": "0.15.9",
        "esbuild-netbsd-64": "0.15.9",
        "esbuild-openbsd-64": "0.15.9",
        "esbuild-sunos-64": "0.15.9",
        "esbuild-windows-32": "0.15.9",
        "esbuild-windows-64": "0.15.9",
        "esbuild-windows-arm64": "0.15.9"
      }
    },
    "esbuild-android-64": {
      "version": "0.15.9",
      "resolved": "https://registry.npmjs.org/esbuild-android-64/-/esbuild-android-64-0.15.9.tgz",
      "integrity": "sha512-HQCX7FJn9T4kxZQkhPjNZC7tBWZqJvhlLHPU2SFzrQB/7nDXjmTIFpFTjt7Bd1uFpeXmuwf5h5fZm+x/hLnhbw==",
      "dev": true,
      "optional": true
    },
    "esbuild-android-arm64": {
      "version": "0.15.9",
      "resolved": "https://registry.npmjs.org/esbuild-android-arm64/-/esbuild-android-arm64-0.15.9.tgz",
      "integrity": "sha512-E6zbLfqbFVCNEKircSHnPiSTsm3fCRxeIMPfrkS33tFjIAoXtwegQfVZqMGR0FlsvVxp2NEDOUz+WW48COCjSg==",
      "dev": true,
      "optional": true
    },
    "esbuild-darwin-64": {
      "version": "0.15.9",
      "resolved": "https://registry.npmjs.org/esbuild-darwin-64/-/esbuild-darwin-64-0.15.9.tgz",
      "integrity": "sha512-gI7dClcDN/HHVacZhTmGjl0/TWZcGuKJ0I7/xDGJwRQQn7aafZGtvagOFNmuOq+OBFPhlPv1T6JElOXb0unkSQ==",
      "dev": true,
      "optional": true
    },
    "esbuild-darwin-arm64": {
      "version": "0.15.9",
      "resolved": "https://registry.npmjs.org/esbuild-darwin-arm64/-/esbuild-darwin-arm64-0.15.9.tgz",
      "integrity": "sha512-VZIMlcRN29yg/sv7DsDwN+OeufCcoTNaTl3Vnav7dL/nvsApD7uvhVRbgyMzv0zU/PP0xRhhIpTyc7lxEzHGSw==",
      "dev": true,
      "optional": true
    },
    "esbuild-freebsd-64": {
      "version": "0.15.9",
      "resolved": "https://registry.npmjs.org/esbuild-freebsd-64/-/esbuild-freebsd-64-0.15.9.tgz",
      "integrity": "sha512-uM4z5bTvuAXqPxrI204txhlsPIolQPWRMLenvGuCPZTnnGlCMF2QLs0Plcm26gcskhxewYo9LkkmYSS5Czrb5A==",
      "dev": true,
      "optional": true
    },
    "esbuild-freebsd-arm64": {
      "version": "0.15.9",
      "resolved": "https://registry.npmjs.org/esbuild-freebsd-arm64/-/esbuild-freebsd-arm64-0.15.9.tgz",
      "integrity": "sha512-HHDjT3O5gWzicGdgJ5yokZVN9K9KG05SnERwl9nBYZaCjcCgj/sX8Ps1jvoFSfNCO04JSsHSOWo4qvxFuj8FoA==",
      "dev": true,
      "optional": true
    },
    "esbuild-linux-32": {
      "version": "0.15.9",
      "resolved": "https://registry.npmjs.org/esbuild-linux-32/-/esbuild-linux-32-0.15.9.tgz",
      "integrity": "sha512-AQIdE8FugGt1DkcekKi5ycI46QZpGJ/wqcMr7w6YUmOmp2ohQ8eO4sKUsOxNOvYL7hGEVwkndSyszR6HpVHLFg==",
      "dev": true,
      "optional": true
    },
    "esbuild-linux-64": {
      "version": "0.15.9",
      "resolved": "https://registry.npmjs.org/esbuild-linux-64/-/esbuild-linux-64-0.15.9.tgz",
      "integrity": "sha512-4RXjae7g6Qs7StZyiYyXTZXBlfODhb1aBVAjd+ANuPmMhWthQilWo7rFHwJwL7DQu1Fjej2sODAVwLbcIVsAYQ==",
      "dev": true,
      "optional": true
    },
    "esbuild-linux-arm": {
      "version": "0.15.9",
      "resolved": "https://registry.npmjs.org/esbuild-linux-arm/-/esbuild-linux-arm-0.15.9.tgz",
      "integrity": "sha512-3Zf2GVGUOI7XwChH3qrnTOSqfV1V4CAc/7zLVm4lO6JT6wbJrTgEYCCiNSzziSju+J9Jhf9YGWk/26quWPC6yQ==",
      "dev": true,
      "optional": true
    },
    "esbuild-linux-arm64": {
      "version": "0.15.9",
      "resolved": "https://registry.npmjs.org/esbuild-linux-arm64/-/esbuild-linux-arm64-0.15.9.tgz",
      "integrity": "sha512-a+bTtxJmYmk9d+s2W4/R1SYKDDAldOKmWjWP0BnrWtDbvUBNOm++du0ysPju4mZVoEFgS1yLNW+VXnG/4FNwdQ==",
      "dev": true,
      "optional": true
    },
    "esbuild-linux-mips64le": {
      "version": "0.15.9",
      "resolved": "https://registry.npmjs.org/esbuild-linux-mips64le/-/esbuild-linux-mips64le-0.15.9.tgz",
      "integrity": "sha512-Zn9HSylDp89y+TRREMDoGrc3Z4Hs5u56ozZLQCiZAUx2+HdbbXbWdjmw3FdTJ/i7t5Cew6/Q+6kfO3KCcFGlyw==",
      "dev": true,
      "optional": true
    },
    "esbuild-linux-ppc64le": {
      "version": "0.15.9",
      "resolved": "https://registry.npmjs.org/esbuild-linux-ppc64le/-/esbuild-linux-ppc64le-0.15.9.tgz",
      "integrity": "sha512-OEiOxNAMH9ENFYqRsWUj3CWyN3V8P3ZXyfNAtX5rlCEC/ERXrCEFCJji/1F6POzsXAzxvUJrTSTCy7G6BhA6Fw==",
      "dev": true,
      "optional": true
    },
    "esbuild-linux-riscv64": {
      "version": "0.15.9",
      "resolved": "https://registry.npmjs.org/esbuild-linux-riscv64/-/esbuild-linux-riscv64-0.15.9.tgz",
      "integrity": "sha512-ukm4KsC3QRausEFjzTsOZ/qqazw0YvJsKmfoZZm9QW27OHjk2XKSQGGvx8gIEswft/Sadp03/VZvAaqv5AIwNA==",
      "dev": true,
      "optional": true
    },
    "esbuild-linux-s390x": {
      "version": "0.15.9",
      "resolved": "https://registry.npmjs.org/esbuild-linux-s390x/-/esbuild-linux-s390x-0.15.9.tgz",
      "integrity": "sha512-uDOQEH55wQ6ahcIKzQr3VyjGc6Po/xblLGLoUk3fVL1qjlZAibtQr6XRfy5wPJLu/M2o0vQKLq4lyJ2r1tWKcw==",
      "dev": true,
      "optional": true
    },
    "esbuild-netbsd-64": {
      "version": "0.15.9",
      "resolved": "https://registry.npmjs.org/esbuild-netbsd-64/-/esbuild-netbsd-64-0.15.9.tgz",
      "integrity": "sha512-yWgxaYTQz+TqX80wXRq6xAtb7GSBAp6gqLKfOdANg9qEmAI1Bxn04IrQr0Mzm4AhxvGKoHzjHjMgXbCCSSDxcw==",
      "dev": true,
      "optional": true
    },
    "esbuild-openbsd-64": {
      "version": "0.15.9",
      "resolved": "https://registry.npmjs.org/esbuild-openbsd-64/-/esbuild-openbsd-64-0.15.9.tgz",
      "integrity": "sha512-JmS18acQl4iSAjrEha1MfEmUMN4FcnnrtTaJ7Qg0tDCOcgpPPQRLGsZqhes0vmx8VA6IqRyScqXvaL7+Q0Uf3A==",
      "dev": true,
      "optional": true
    },
    "esbuild-sunos-64": {
      "version": "0.15.9",
      "resolved": "https://registry.npmjs.org/esbuild-sunos-64/-/esbuild-sunos-64-0.15.9.tgz",
      "integrity": "sha512-UKynGSWpzkPmXW3D2UMOD9BZPIuRaSqphxSCwScfEE05Be3KAmvjsBhht1fLzKpiFVJb0BYMd4jEbWMyJ/z1hQ==",
      "dev": true,
      "optional": true
    },
    "esbuild-windows-32": {
      "version": "0.15.9",
      "resolved": "https://registry.npmjs.org/esbuild-windows-32/-/esbuild-windows-32-0.15.9.tgz",
      "integrity": "sha512-aqXvu4/W9XyTVqO/hw3rNxKE1TcZiEYHPsXM9LwYmKSX9/hjvfIJzXwQBlPcJ/QOxedfoMVH0YnhhQ9Ffb0RGA==",
      "dev": true,
      "optional": true
    },
    "esbuild-windows-64": {
      "version": "0.15.9",
      "resolved": "https://registry.npmjs.org/esbuild-windows-64/-/esbuild-windows-64-0.15.9.tgz",
      "integrity": "sha512-zm7h91WUmlS4idMtjvCrEeNhlH7+TNOmqw5dJPJZrgFaxoFyqYG6CKDpdFCQXdyKpD5yvzaQBOMVTCBVKGZDEg==",
      "dev": true,
      "optional": true
    },
    "esbuild-windows-arm64": {
      "version": "0.15.9",
      "resolved": "https://registry.npmjs.org/esbuild-windows-arm64/-/esbuild-windows-arm64-0.15.9.tgz",
      "integrity": "sha512-yQEVIv27oauAtvtuhJVfSNMztJJX47ismRS6Sv2QMVV9RM+6xjbMWuuwM2nxr5A2/gj/mu2z9YlQxiwoFRCfZA==",
      "dev": true,
      "optional": true
    },
    "esprima": {
      "version": "4.0.1",
      "resolved": "https://registry.npmjs.org/esprima/-/esprima-4.0.1.tgz",
      "integrity": "sha512-eGuFFw7Upda+g4p+QHvnW0RyTX/SVeJBDM/gCtMARO0cLuT2HcEKnTPvhjV6aGeqrCB/sbNop0Kszm0jsaWU4A=="
    },
    "estree-walker": {
      "version": "0.6.1",
      "resolved": "https://registry.npmjs.org/estree-walker/-/estree-walker-0.6.1.tgz",
      "integrity": "sha512-SqmZANLWS0mnatqbSfRP5g8OXZC12Fgg1IwNtLsyHDzJizORW4khDfjPqJZsemPWBB2uqykUah5YpQ6epsqC/w==",
      "dev": true
    },
    "fsevents": {
      "version": "2.3.2",
      "resolved": "https://registry.npmjs.org/fsevents/-/fsevents-2.3.2.tgz",
      "integrity": "sha512-xiqMQR4xAeHTuB9uWm+fFRcIOgKBMiOBP+eXiyT7jsgVCq1bkVygt00oASowB7EdtpOHaaPgKt812P9ab+DDKA==",
      "dev": true,
      "optional": true
    },
    "function-bind": {
      "version": "1.1.1",
      "resolved": "https://registry.npmjs.org/function-bind/-/function-bind-1.1.1.tgz",
      "integrity": "sha512-yIovAzMX49sF8Yl58fSCWJ5svSLuaibPxXQJFLmBObTuCr0Mf1KiPopGM9NiFjiYBCbfaa2Fh6breQ6ANVTI0A==",
      "dev": true
    },
    "globals": {
      "version": "13.17.0",
      "resolved": "https://registry.npmjs.org/globals/-/globals-13.17.0.tgz",
      "integrity": "sha512-1C+6nQRb1GwGMKm2dH/E7enFAMxGTmGI7/dEdhy/DNelv85w9B72t3uc5frtMNXIbzrarJJ/lTCjcaZwbLJmyw==",
      "requires": {
        "type-fest": "^0.20.2"
      }
    },
    "has": {
      "version": "1.0.3",
      "resolved": "https://registry.npmjs.org/has/-/has-1.0.3.tgz",
      "integrity": "sha512-f2dvO0VU6Oej7RkWJGrehjbzMAjFp5/VKPp5tTpWIV4JHHZK1/BxbFRtf/siA2SWTe09caDmVtYYzWEIbBS4zw==",
      "dev": true,
      "requires": {
        "function-bind": "^1.1.1"
      }
    },
    "is-core-module": {
      "version": "2.10.0",
      "resolved": "https://registry.npmjs.org/is-core-module/-/is-core-module-2.10.0.tgz",
      "integrity": "sha512-Erxj2n/LDAZ7H8WNJXd9tw38GYM3dv8rk8Zcs+jJuxYTW7sozH+SS8NtrSjVL1/vpLvWi1hxy96IzjJ3EHTJJg==",
      "dev": true,
      "requires": {
        "has": "^1.0.3"
      }
    },
    "nanoid": {
      "version": "3.3.4",
      "resolved": "https://registry.npmjs.org/nanoid/-/nanoid-3.3.4.tgz",
      "integrity": "sha512-MqBkQh/OHTS2egovRtLk45wEyNXwF+cokD+1YPf9u5VfJiRdAiRwB2froX5Co9Rh20xs4siNPm8naNotSD6RBw==",
      "dev": true
    },
    "path-parse": {
      "version": "1.0.7",
      "resolved": "https://registry.npmjs.org/path-parse/-/path-parse-1.0.7.tgz",
      "integrity": "sha512-LDJzPVEEEPR+y48z93A0Ed0yXb8pAByGWo/k5YYdYgpY2/2EsOsksJrq7lOHxryrVOn1ejG6oAp8ahvOIQD8sw==",
      "dev": true
    },
    "picocolors": {
      "version": "1.0.0",
      "resolved": "https://registry.npmjs.org/picocolors/-/picocolors-1.0.0.tgz",
      "integrity": "sha512-1fygroTLlHu66zi26VoTDv8yRgm0Fccecssto+MhsZ0D/DGW2sm8E8AjW7NU5VVTRt5GxbeZ5qBuJr+HyLYkjQ==",
      "dev": true
    },
    "postcss": {
      "version": "8.4.16",
      "resolved": "https://registry.npmjs.org/postcss/-/postcss-8.4.16.tgz",
      "integrity": "sha512-ipHE1XBvKzm5xI7hiHCZJCSugxvsdq2mPnsq5+UF+VHCjiBvtDrlxJfMBToWaP9D5XlgNmcFGqoHmUn0EYEaRQ==",
      "dev": true,
      "requires": {
        "nanoid": "^3.3.4",
        "picocolors": "^1.0.0",
        "source-map-js": "^1.0.2"
      }
    },
    "recast": {
      "version": "0.20.5",
      "resolved": "https://registry.npmjs.org/recast/-/recast-0.20.5.tgz",
      "integrity": "sha512-E5qICoPoNL4yU0H0NoBDntNB0Q5oMSNh9usFctYniLBluTthi3RsQVBXIJNbApOlvSwW/RGxIuokPcAc59J5fQ==",
      "requires": {
        "ast-types": "0.14.2",
        "esprima": "~4.0.0",
        "source-map": "~0.6.1",
        "tslib": "^2.0.1"
      },
      "dependencies": {
        "source-map": {
          "version": "0.6.1",
          "resolved": "https://registry.npmjs.org/source-map/-/source-map-0.6.1.tgz",
          "integrity": "sha512-UjgapumWlbMhkBgzT7Ykc5YXUT46F0iKu8SGXq0bcwP5dz/h0Plj6enJqjz1Zbq2l5WaqYnrVbwWOWMyF3F47g=="
        }
      }
    },
    "resolve": {
      "version": "1.22.1",
      "resolved": "https://registry.npmjs.org/resolve/-/resolve-1.22.1.tgz",
      "integrity": "sha512-nBpuuYuY5jFsli/JIs1oldw6fOQCBioohqWZg/2hiaOybXOft4lonv85uDOKXdf8rhyK159cxU5cDcK/NKk8zw==",
      "dev": true,
      "requires": {
        "is-core-module": "^2.9.0",
        "path-parse": "^1.0.7",
        "supports-preserve-symlinks-flag": "^1.0.0"
      }
    },
    "riot": {
      "version": "7.0.6",
      "resolved": "https://registry.npmjs.org/riot/-/riot-7.0.6.tgz",
      "integrity": "sha512-waIurYZ3oWFcO89Sd14fvrD3euuglJZxiD3li5CxmzL51JB8nWpaHLdK8qHxGkO6+YjLiVol8GLxB03yh/HoLg==",
      "requires": {
        "@riotjs/compiler": "^6.3.2",
        "@riotjs/dom-bindings": "^6.0.7",
        "@riotjs/util": "^2.1.3",
        "bianco.attr": "^1.1.1",
        "bianco.query": "^1.1.4",
        "cumpa": "^1.0.1",
        "curri": "^1.0.1"
      }
    },
    "rollup": {
      "version": "2.78.1",
      "resolved": "https://registry.npmjs.org/rollup/-/rollup-2.78.1.tgz",
      "integrity": "sha512-VeeCgtGi4P+o9hIg+xz4qQpRl6R401LWEXBmxYKOV4zlF82lyhgh2hTZnheFUbANE8l2A41F458iwj2vEYaXJg==",
      "dev": true,
      "requires": {
        "fsevents": "~2.3.2"
      }
    },
    "rollup-plugin-riot": {
      "version": "6.0.0",
      "resolved": "https://registry.npmjs.org/rollup-plugin-riot/-/rollup-plugin-riot-6.0.0.tgz",
      "integrity": "sha512-jjzhuYKXTmWFyyGGMyYesxfGMYhz6GMrDIEtgF7EEwBOb2RlgSjhEhgDuHDtUJ7/EGYU7ooa6MhfO4v+HU+q2g==",
      "dev": true,
      "requires": {
        "rollup-pluginutils": "^2.8.2"
      }
    },
    "rollup-pluginutils": {
      "version": "2.8.2",
      "resolved": "https://registry.npmjs.org/rollup-pluginutils/-/rollup-pluginutils-2.8.2.tgz",
      "integrity": "sha512-EEp9NhnUkwY8aif6bxgovPHMoMoNr2FulJziTndpt5H9RdwC47GSGuII9XxpSdzVGM0GWrNPHV6ie1LTNJPaLQ==",
      "dev": true,
      "requires": {
        "estree-walker": "^0.6.1"
      }
    },
    "source-map": {
      "version": "0.7.4",
      "resolved": "https://registry.npmjs.org/source-map/-/source-map-0.7.4.tgz",
      "integrity": "sha512-l3BikUxvPOcn5E74dZiq5BGsTb5yEwhaTSzccU6t4sDOH8NWJCstKO5QT2CvtFoK6F0saL7p9xHAqHOlCPJygA=="
    },
    "source-map-js": {
      "version": "1.0.2",
      "resolved": "https://registry.npmjs.org/source-map-js/-/source-map-js-1.0.2.tgz",
      "integrity": "sha512-R0XvVJ9WusLiqTCEiGCmICCMplcCkIwwR11mOSD9CR5u+IXYdiseeEuXCVAjS54zqwkLcPNnmU4OeJ6tUrWhDw==",
      "dev": true
    },
    "supports-preserve-symlinks-flag": {
      "version": "1.0.0",
      "resolved": "https://registry.npmjs.org/supports-preserve-symlinks-flag/-/supports-preserve-symlinks-flag-1.0.0.tgz",
      "integrity": "sha512-ot0WnXS9fgdkgIcePe6RHNk1WA8+muPa6cSjeR3V8K27q9BB1rTE3R1p7Hv0z1ZyAc8s6Vvv8DIyWf681MAt0w==",
      "dev": true
    },
    "tslib": {
      "version": "2.4.0",
      "resolved": "https://registry.npmjs.org/tslib/-/tslib-2.4.0.tgz",
      "integrity": "sha512-d6xOpEDfsi2CZVlPQzGeux8XMwLT9hssAsaPYExaQMuYskwb+x1x7J371tWlbBdWHroy99KnVB6qIkUbs5X3UQ=="
    },
    "type-fest": {
      "version": "0.20.2",
      "resolved": "https://registry.npmjs.org/type-fest/-/type-fest-0.20.2.tgz",
      "integrity": "sha512-Ne+eE4r0/iWnpAxD852z3A+N0Bt5RN//NjJwRd2VFHEmrywxf5vsZlh4R6lixl6B+wz/8d+maTSAkN1FIkI3LQ=="
    },
    "vite": {
      "version": "3.1.3",
      "resolved": "https://registry.npmjs.org/vite/-/vite-3.1.3.tgz",
      "integrity": "sha512-/3XWiktaopByM5bd8dqvHxRt5EEgRikevnnrpND0gRfNkrMrPaGGexhtLCzv15RcCMtV2CLw+BPas8YFeSG0KA==",
      "dev": true,
      "requires": {
        "esbuild": "^0.15.6",
        "fsevents": "~2.3.2",
        "postcss": "^8.4.16",
        "resolve": "^1.22.1",
        "rollup": "~2.78.0"
      }
    }
  }
}
